
Microsoft Visual Studio Solution File, Format Version 12.00
# Visual Studio 15
VisualStudioVersion = 15.0.28010.0
MinimumVisualStudioVersion = 10.0.40219.1
Project("{FAE04EC0-301F-11D3-BF4B-00C04F79EFBC}") = "AirNewUI", "AirNewUI\AirNewUI.csproj", "{A19326DF-9915-4365-8182-BA96F6693D6E}"
EndProject
Global
	GlobalSection(SolutionConfigurationPlatforms) = preSolution
		Debug|Any CPU = Debug|Any CPU
		Release|Any CPU = Release|Any CPU
	EndGlobalSection
	GlobalSection(ProjectConfigurationPlatforms) = postSolution
		{A19326DF-9915-4365-8182-BA96F6693D6E}.Debug|Any CPU.ActiveCfg = Debug|Any CPU
		{A19326DF-9915-4365-8182-BA96F6693D6E}.Debug|Any CPU.Build.0 = Debug|Any CPU
		{A19326DF-9915-4365-8182-BA96F6693D6E}.Release|Any CPU.ActiveCfg = Release|Any CPU
		{A19326DF-9915-4365-8182-BA96F6693D6E}.Release|Any CPU.Build.0 = Release|Any CPU
	EndGlobalSection
	GlobalSection(SolutionProperties) = preSolution
		HideSolutionNode = FALSE
	EndGlobalSection
	GlobalSection(ExtensibilityGlobals) = postSolution
		SolutionGuid = {27F50173-303C-4E15-8AB9-2125EE91CF52}
	EndGlobalSection
EndGlobal
